
Microsoft Visual Studio Solution File, Format Version 12.00
# Visual Studio 15
VisualStudioVersion = 15.0.28307.757
MinimumVisualStudioVersion = 10.0.40219.1
Project("{FAE04EC0-301F-11D3-BF4B-00C04F79EFBC}") = "Test 1", "Test 1\Test 1.csproj", "{87D0B073-83ED-4CB8-A4D9-683895CAA491}"
EndProject
Global
	GlobalSection(SolutionConfigurationPlatforms) = preSolution
		Debug|Any CPU = Debug|Any CPU
		Debug|x64 = Debug|x64
		Debug|x86 = Debug|x86
		Release|Any CPU = Release|Any CPU
		Release|x64 = Release|x64
		Release|x86 = Release|x86
	EndGlobalSection
	GlobalSection(ProjectConfigurationPlatforms) = postSolution
		{87D0B073-83ED-4CB8-A4D9-683895CAA491}.Debug|Any CPU.ActiveCfg = Debug|Any CPU
		{87D0B073-83ED-4CB8-A4D9-683895CAA491}.Debug|Any CPU.Build.0 = Debug|Any CPU
		{87D0B073-83ED-4CB8-A4D9-683895CAA491}.Debug|x64.ActiveCfg = Debug|x64
		{87D0B073-83ED-4CB8-A4D9-683895CAA491}.Debug|x64.Build.0 = Debug|x64
		{87D0B073-83ED-4CB8-A4D9-683895CAA491}.Debug|x86.ActiveCfg = Debug|x86
		{87D0B073-83ED-4CB8-A4D9-683895CAA491}.Debug|x86.Build.0 = Debug|x86
		{87D0B073-83ED-4CB8-A4D9-683895CAA491}.Release|Any CPU.ActiveCfg = Release|Any CPU
		{87D0B073-83ED-4CB8-A4D9-683895CAA491}.Release|Any CPU.Build.0 = Release|Any CPU
		{87D0B073-83ED-4CB8-A4D9-683895CAA491}.Release|x64.ActiveCfg = Release|x64
		{87D0B073-83ED-4CB8-A4D9-683895CAA491}.Release|x64.Build.0 = Release|x64
		{87D0B073-83ED-4CB8-A4D9-683895CAA491}.Release|x86.ActiveCfg = Release|x86
		{87D0B073-83ED-4CB8-A4D9-683895CAA491}.Release|x86.Build.0 = Release|x86
	EndGlobalSection
	GlobalSection(SolutionProperties) = preSolution
		HideSolutionNode = FALSE
	EndGlobalSection
	GlobalSection(ExtensibilityGlobals) = postSolution
		SolutionGuid = {95321BCF-222A-41CE-8AB0-E8ADAC9E4D22}
	EndGlobalSection
EndGlobal
